
Microsoft Visual Studio Solution File, Format Version 12.00
# Visual Studio Version 17
VisualStudioVersion = 17.9.34728.123
MinimumVisualStudioVersion = 10.0.40219.1
Project("{9A19103F-16F7-4668-BE54-9A1E7A4F7556}") = "eShop.Command", "eShop.Command\eShop.Command.csproj", "{8325ABD3-2E3E-492B-B53F-42D98AAF87D8}"
EndProject
Project("{9A19103F-16F7-4668-BE54-9A1E7A4F7556}") = "eShop.Data", "eShop.Data\eShop.Data.csproj", "{0EB71396-0A83-413C-ACCA-FB2EF5CD200A}"
EndProject
Project("{9A19103F-16F7-4668-BE54-9A1E7A4F7556}") = "eShop.Service", "eShop.Service\eShop.Service.csproj", "{46221BF9-0213-4751-B66C-54FD02E77460}"
EndProject
Project("{9A19103F-16F7-4668-BE54-9A1E7A4F7556}") = "eShop.Core", "eShop.Core\eShop.Core.csproj", "{5DB41467-FE34-478C-A415-DF93F6D2C7AA}"
EndProject
Project("{FAE04EC0-301F-11D3-BF4B-00C04F79EFBC}") = "eShop.WEB", "eShop.WEB\eShop.WEB.csproj", "{4F175A66-BFC1-4763-B9FD-9A845D1452EC}"
EndProject
Global
	GlobalSection(SolutionConfigurationPlatforms) = preSolution
		Debug|Any CPU = Debug|Any CPU
		Release|Any CPU = Release|Any CPU
	EndGlobalSection
	GlobalSection(ProjectConfigurationPlatforms) = postSolution
		{8325ABD3-2E3E-492B-B53F-42D98AAF87D8}.Debug|Any CPU.ActiveCfg = Debug|Any CPU
		{8325ABD3-2E3E-492B-B53F-42D98AAF87D8}.Debug|Any CPU.Build.0 = Debug|Any CPU
		{8325ABD3-2E3E-492B-B53F-42D98AAF87D8}.Release|Any CPU.ActiveCfg = Release|Any CPU
		{8325ABD3-2E3E-492B-B53F-42D98AAF87D8}.Release|Any CPU.Build.0 = Release|Any CPU
		{0EB71396-0A83-413C-ACCA-FB2EF5CD200A}.Debug|Any CPU.ActiveCfg = Debug|Any CPU
		{0EB71396-0A83-413C-ACCA-FB2EF5CD200A}.Debug|Any CPU.Build.0 = Debug|Any CPU
		{0EB71396-0A83-413C-ACCA-FB2EF5CD200A}.Release|Any CPU.ActiveCfg = Release|Any CPU
		{0EB71396-0A83-413C-ACCA-FB2EF5CD200A}.Release|Any CPU.Build.0 = Release|Any CPU
		{46221BF9-0213-4751-B66C-54FD02E77460}.Debug|Any CPU.ActiveCfg = Debug|Any CPU
		{46221BF9-0213-4751-B66C-54FD02E77460}.Debug|Any CPU.Build.0 = Debug|Any CPU
		{46221BF9-0213-4751-B66C-54FD02E77460}.Release|Any CPU.ActiveCfg = Release|Any CPU
		{46221BF9-0213-4751-B66C-54FD02E77460}.Release|Any CPU.Build.0 = Release|Any CPU
		{5DB41467-FE34-478C-A415-DF93F6D2C7AA}.Debug|Any CPU.ActiveCfg = Debug|Any CPU
		{5DB41467-FE34-478C-A415-DF93F6D2C7AA}.Debug|Any CPU.Build.0 = Debug|Any CPU
		{5DB41467-FE34-478C-A415-DF93F6D2C7AA}.Release|Any CPU.ActiveCfg = Release|Any CPU
		{5DB41467-FE34-478C-A415-DF93F6D2C7AA}.Release|Any CPU.Build.0 = Release|Any CPU
		{4F175A66-BFC1-4763-B9FD-9A845D1452EC}.Debug|Any CPU.ActiveCfg = Debug|Any CPU
		{4F175A66-BFC1-4763-B9FD-9A845D1452EC}.Debug|Any CPU.Build.0 = Debug|Any CPU
		{4F175A66-BFC1-4763-B9FD-9A845D1452EC}.Release|Any CPU.ActiveCfg = Release|Any CPU
		{4F175A66-BFC1-4763-B9FD-9A845D1452EC}.Release|Any CPU.Build.0 = Release|Any CPU
	EndGlobalSection
	GlobalSection(SolutionProperties) = preSolution
		HideSolutionNode = FALSE
	EndGlobalSection
	GlobalSection(ExtensibilityGlobals) = postSolution
		SolutionGuid = {77B44AB0-789A-42E4-A8C1-E8650EAA4F37}
	EndGlobalSection
EndGlobal
